
Microsoft Visual Studio Solution File, Format Version 12.00
# Visual Studio Version 17
VisualStudioVersion = 17.7.34202.233
MinimumVisualStudioVersion = 10.0.40219.1
Project("{FAE04EC0-301F-11D3-BF4B-00C04F79EFBC}") = "R&R 19102023", "R&R 19102023\R&R 19102023.csproj", "{6AFF184C-A5F9-4D88-8932-A05FEE45011E}"
EndProject
Global
	GlobalSection(SolutionConfigurationPlatforms) = preSolution
		Debug|Any CPU = Debug|Any CPU
		Release|Any CPU = Release|Any CPU
	EndGlobalSection
	GlobalSection(ProjectConfigurationPlatforms) = postSolution
		{6AFF184C-A5F9-4D88-8932-A05FEE45011E}.Debug|Any CPU.ActiveCfg = Debug|Any CPU
		{6AFF184C-A5F9-4D88-8932-A05FEE45011E}.Debug|Any CPU.Build.0 = Debug|Any CPU
		{6AFF184C-A5F9-4D88-8932-A05FEE45011E}.Release|Any CPU.ActiveCfg = Release|Any CPU
		{6AFF184C-A5F9-4D88-8932-A05FEE45011E}.Release|Any CPU.Build.0 = Release|Any CPU
	EndGlobalSection
	GlobalSection(SolutionProperties) = preSolution
		HideSolutionNode = FALSE
	EndGlobalSection
	GlobalSection(ExtensibilityGlobals) = postSolution
		SolutionGuid = {C257D272-045F-41A6-AC19-B79F2B717BE1}
	EndGlobalSection
EndGlobal
